
Microsoft Visual Studio Solution File, Format Version 12.00
# Visual Studio Version 17
VisualStudioVersion = 17.14.36429.23
MinimumVisualStudioVersion = 10.0.40219.1
Project("{2150E333-8FDC-42A3-9474-1A3956D46DE8}") = "Task0", "Task0", "{02EA681E-C7D8-13C7-8484-4AC65E1B71E8}"
EndProject
Project("{FAE04EC0-301F-11D3-BF4B-00C04F79EFBC}") = "Tyuiu.KadralinovaAT.Sprint3.Task0.V29", "Tyuiu.KadralinovaAT.Sprint3.Task0.V29\Tyuiu.KadralinovaAT.Sprint3.Task0.V29.csproj", "{A6A029E9-953D-4A65-8F95-5F26C23F790B}"
EndProject
Project("{FAE04EC0-301F-11D3-BF4B-00C04F79EFBC}") = "Tyuiu.KadralinovaAT.Sprint3.Task0.V29.Lib", "Tyuiu.KadralinovaAT.Sprint3.Task0.V29.Lib\Tyuiu.KadralinovaAT.Sprint3.Task0.V29.Lib.csproj", "{79F8489D-B0B3-4DE5-AC36-E6AD0B2F4A05}"
EndProject
Project("{FAE04EC0-301F-11D3-BF4B-00C04F79EFBC}") = "Tyuiu.KadralinovaAT.Sprint3.Task0.V29.Test", "Tyuiu.KadralinovaAT.Sprint3.Task0.V29.Test\Tyuiu.KadralinovaAT.Sprint3.Task0.V29.Test.csproj", "{55050961-D090-4F6C-8DD1-E36FFFD648DF}"
EndProject
Project("{2150E333-8FDC-42A3-9474-1A3956D46DE8}") = "Task1", "Task1", "{E8407650-66CC-4041-AC72-B48AE7EEA10E}"
EndProject
Project("{FAE04EC0-301F-11D3-BF4B-00C04F79EFBC}") = "Tyuiu.KadralinovaAT.Sprint3.Task1.V22", "Tyuiu.KadralinovaAT.Sprint3.Task1.V22\Tyuiu.KadralinovaAT.Sprint3.Task1.V22.csproj", "{BAFD4CAA-338B-4287-A971-61A0A7C1B758}"
EndProject
Project("{FAE04EC0-301F-11D3-BF4B-00C04F79EFBC}") = "Tyuiu.KadralinovaAT.Sprint3.Task1.V22.Lib", "Tyuiu.KadralinovaAT.Sprint3.Task1.V22.Lib\Tyuiu.KadralinovaAT.Sprint3.Task1.V22.Lib.csproj", "{2255D25B-6FA7-4279-B604-6E2A8449AB03}"
EndProject
Project("{FAE04EC0-301F-11D3-BF4B-00C04F79EFBC}") = "Tyuiu.KadralinovaAT.Sprint3.Task1.V22.Test", "Tyuiu.KadralinovaAT.Sprint3.Task1.V22.Test\Tyuiu.KadralinovaAT.Sprint3.Task1.V22.Test.csproj", "{88F2E356-2BF3-40E4-BF5C-083129EEC2DA}"
EndProject
Project("{2150E333-8FDC-42A3-9474-1A3956D46DE8}") = "Task2", "Task2", "{1BCC9389-5749-4B79-9F46-E0B67C877531}"
EndProject
Project("{FAE04EC0-301F-11D3-BF4B-00C04F79EFBC}") = "Tyuiu.KadralinovaAT.Sprint3.Task2.V23", "Tyuiu.KadralinovaAT.Sprint3.Task2.V23\Tyuiu.KadralinovaAT.Sprint3.Task2.V23.csproj", "{3FDB453D-9F3F-4AE3-A84F-FA5AFBDC8006}"
EndProject
Project("{FAE04EC0-301F-11D3-BF4B-00C04F79EFBC}") = "Tyuiu.KadralinovaAT.Sprint3.Task2.V23.Lib", "Tyuiu.KadralinovaAT.Sprint3.Task2.V23.Lib\Tyuiu.KadralinovaAT.Sprint3.Task2.V23.Lib.csproj", "{E0EEEBE7-24F3-4241-812B-C8F6482403CC}"
EndProject
Project("{FAE04EC0-301F-11D3-BF4B-00C04F79EFBC}") = "Tyuiu.KadralinovaAT.Sprint3.Task2.V23.Test", "Tyuiu.KadralinovaAT.Sprint3.Task2.V23.Test\Tyuiu.KadralinovaAT.Sprint3.Task2.V23.Test.csproj", "{BA2B7156-4C4D-40B9-9139-4D03E9CBDD18}"
EndProject
Project("{2150E333-8FDC-42A3-9474-1A3956D46DE8}") = "Task3", "Task3", "{9D7D2880-F39C-4138-A186-546B8217274B}"
EndProject
Project("{FAE04EC0-301F-11D3-BF4B-00C04F79EFBC}") = "Tyuiu.KadralinovaAT.Sprint3.Task3.V4", "Tyuiu.KadralinovaAT.Sprint3.Task3.V4\Tyuiu.KadralinovaAT.Sprint3.Task3.V4.csproj", "{614D68CB-9633-4961-882A-2DAAA86D125C}"
EndProject
Project("{FAE04EC0-301F-11D3-BF4B-00C04F79EFBC}") = "Tyuiu.KadralinovaAT.Sprint3.Task3.V4.Lib", "Tyuiu.KadralinovaAT.Sprint3.Task3.V4.Lib\Tyuiu.KadralinovaAT.Sprint3.Task3.V4.Lib.csproj", "{0A8F95ED-085B-48FB-9B2B-F8B34687248A}"
EndProject
Project("{FAE04EC0-301F-11D3-BF4B-00C04F79EFBC}") = "Tyuiu.KadralinovaAT.Sprint3.Task3.V4.Test", "Tyuiu.KadralinovaAT.Sprint3.Task3.V4.Test\Tyuiu.KadralinovaAT.Sprint3.Task3.V4.Test.csproj", "{B8CA619E-4E55-4E60-A479-5DEF1A795A55}"
EndProject
Project("{2150E333-8FDC-42A3-9474-1A3956D46DE8}") = "Task4", "Task4", "{D9089D82-44B2-4E13-B4D7-6117182457B1}"
EndProject
Project("{FAE04EC0-301F-11D3-BF4B-00C04F79EFBC}") = "Tyuiu.KadralinovaAT.Sprint3.Task4.V30", "Tyuiu.KadralinovaAT.Sprint3.Task4.V30\Tyuiu.KadralinovaAT.Sprint3.Task4.V30.csproj", "{548C5967-7694-471B-AA10-C32F1C66D932}"
EndProject
Project("{FAE04EC0-301F-11D3-BF4B-00C04F79EFBC}") = "Tyuiu.KadralinovaAT.Sprint3.Task4.V30.Lib", "Tyuiu.KadralinovaAT.Sprint3.Task4.V30.Lib\Tyuiu.KadralinovaAT.Sprint3.Task4.V30.Lib.csproj", "{5AB5C657-8259-408C-A38F-3AFDC5AD0222}"
EndProject
Project("{FAE04EC0-301F-11D3-BF4B-00C04F79EFBC}") = "Tyuiu.KadralinovaAT.Sprint3.Task4.V30.Test", "Tyuiu.KadralinovaAT.Sprint3.Task4.V30.Test\Tyuiu.KadralinovaAT.Sprint3.Task4.V30.Test.csproj", "{A635F8E4-DD60-4D56-B28F-3C7B1E15FBF8}"
EndProject
Project("{2150E333-8FDC-42A3-9474-1A3956D46DE8}") = "Task5", "Task5", "{7D6792B2-88C8-42A8-9B27-0C9A4E4AAA37}"
EndProject
Project("{FAE04EC0-301F-11D3-BF4B-00C04F79EFBC}") = "Tyuiu.KadralinovaAT.Sprint3.Task5.V25", "Tyuiu.KadralinovaAT.Sprint3.Task5.V25\Tyuiu.KadralinovaAT.Sprint3.Task5.V25.csproj", "{86379385-F199-4F22-BF67-357177445CCF}"
EndProject
Project("{FAE04EC0-301F-11D3-BF4B-00C04F79EFBC}") = "Tyuiu.KadralinovaAT.Sprint3.Task5.V25.Lib", "Tyuiu.KadralinovaAT.Sprint3.Task5.V25.Lib\Tyuiu.KadralinovaAT.Sprint3.Task5.V25.Lib.csproj", "{CD642C8E-C6D3-48BA-9E31-7FD22C6204D6}"
EndProject
Project("{FAE04EC0-301F-11D3-BF4B-00C04F79EFBC}") = "Tyuiu.KadralinovaAT.Sprint3.Task5.V25.Test", "Tyuiu.KadralinovaAT.Sprint3.Task5.V25.Test\Tyuiu.KadralinovaAT.Sprint3.Task5.V25.Test.csproj", "{9633C1B7-6022-498C-8D5F-DFDBF4059EDF}"
EndProject
Project("{2150E333-8FDC-42A3-9474-1A3956D46DE8}") = "Task6", "Task6", "{38EF4485-F971-4FCD-9B92-6950BE4B8663}"
EndProject
Project("{FAE04EC0-301F-11D3-BF4B-00C04F79EFBC}") = "Tyuiu.KadralinovaAT.Sprint3.Task6.V19", "Tyuiu.KadralinovaAT.Sprint3.Task6.V19\Tyuiu.KadralinovaAT.Sprint3.Task6.V19.csproj", "{ADA55EF7-4AB1-4E9A-B238-AEF8892744E2}"
EndProject
Project("{FAE04EC0-301F-11D3-BF4B-00C04F79EFBC}") = "Tyuiu.KadralinovaAT.Sprint3.Task6.V19.Lib", "Tyuiu.KadralinovaAT.Sprint3.Task6.V19.Lib\Tyuiu.KadralinovaAT.Sprint3.Task6.V19.Lib.csproj", "{BFCEB1D7-74AF-41A7-B786-5B25D93CF4D6}"
EndProject
Project("{FAE04EC0-301F-11D3-BF4B-00C04F79EFBC}") = "Tyuiu.KadralinovaAT.Sprint3.Task6.V19.Test", "Tyuiu.KadralinovaAT.Sprint3.Task6.V19.Test\Tyuiu.KadralinovaAT.Sprint3.Task6.V19.Test.csproj", "{579D2054-19B3-4525-8CAA-B45D0D349216}"
EndProject
Global
	GlobalSection(SolutionConfigurationPlatforms) = preSolution
		Debug|Any CPU = Debug|Any CPU
		Release|Any CPU = Release|Any CPU
	EndGlobalSection
	GlobalSection(ProjectConfigurationPlatforms) = postSolution
		{A6A029E9-953D-4A65-8F95-5F26C23F790B}.Debug|Any CPU.ActiveCfg = Debug|Any CPU
		{A6A029E9-953D-4A65-8F95-5F26C23F790B}.Debug|Any CPU.Build.0 = Debug|Any CPU
		{A6A029E9-953D-4A65-8F95-5F26C23F790B}.Release|Any CPU.ActiveCfg = Release|Any CPU
		{A6A029E9-953D-4A65-8F95-5F26C23F790B}.Release|Any CPU.Build.0 = Release|Any CPU
		{79F8489D-B0B3-4DE5-AC36-E6AD0B2F4A05}.Debug|Any CPU.ActiveCfg = Debug|Any CPU
		{79F8489D-B0B3-4DE5-AC36-E6AD0B2F4A05}.Debug|Any CPU.Build.0 = Debug|Any CPU
		{79F8489D-B0B3-4DE5-AC36-E6AD0B2F4A05}.Release|Any CPU.ActiveCfg = Release|Any CPU
		{79F8489D-B0B3-4DE5-AC36-E6AD0B2F4A05}.Release|Any CPU.Build.0 = Release|Any CPU
		{55050961-D090-4F6C-8DD1-E36FFFD648DF}.Debug|Any CPU.ActiveCfg = Debug|Any CPU
		{55050961-D090-4F6C-8DD1-E36FFFD648DF}.Debug|Any CPU.Build.0 = Debug|Any CPU
		{55050961-D090-4F6C-8DD1-E36FFFD648DF}.Release|Any CPU.ActiveCfg = Release|Any CPU
		{55050961-D090-4F6C-8DD1-E36FFFD648DF}.Release|Any CPU.Build.0 = Release|Any CPU
		{BAFD4CAA-338B-4287-A971-61A0A7C1B758}.Debug|Any CPU.ActiveCfg = Debug|Any CPU
		{BAFD4CAA-338B-4287-A971-61A0A7C1B758}.Debug|Any CPU.Build.0 = Debug|Any CPU
		{BAFD4CAA-338B-4287-A971-61A0A7C1B758}.Release|Any CPU.ActiveCfg = Release|Any CPU
		{BAFD4CAA-338B-4287-A971-61A0A7C1B758}.Release|Any CPU.Build.0 = Release|Any CPU
		{2255D25B-6FA7-4279-B604-6E2A8449AB03}.Debug|Any CPU.ActiveCfg = Debug|Any CPU
		{2255D25B-6FA7-4279-B604-6E2A8449AB03}.Debug|Any CPU.Build.0 = Debug|Any CPU
		{2255D25B-6FA7-4279-B604-6E2A8449AB03}.Release|Any CPU.ActiveCfg = Release|Any CPU
		{2255D25B-6FA7-4279-B604-6E2A8449AB03}.Release|Any CPU.Build.0 = Release|Any CPU
		{88F2E356-2BF3-40E4-BF5C-083129EEC2DA}.Debug|Any CPU.ActiveCfg = Debug|Any CPU
		{88F2E356-2BF3-40E4-BF5C-083129EEC2DA}.Debug|Any CPU.Build.0 = Debug|Any CPU
		{88F2E356-2BF3-40E4-BF5C-083129EEC2DA}.Release|Any CPU.ActiveCfg = Release|Any CPU
		{88F2E356-2BF3-40E4-BF5C-083129EEC2DA}.Release|Any CPU.Build.0 = Release|Any CPU
		{3FDB453D-9F3F-4AE3-A84F-FA5AFBDC8006}.Debug|Any CPU.ActiveCfg = Debug|Any CPU
		{3FDB453D-9F3F-4AE3-A84F-FA5AFBDC8006}.Debug|Any CPU.Build.0 = Debug|Any CPU
		{3FDB453D-9F3F-4AE3-A84F-FA5AFBDC8006}.Release|Any CPU.ActiveCfg = Release|Any CPU
		{3FDB453D-9F3F-4AE3-A84F-FA5AFBDC8006}.Release|Any CPU.Build.0 = Release|Any CPU
		{E0EEEBE7-24F3-4241-812B-C8F6482403CC}.Debug|Any CPU.ActiveCfg = Debug|Any CPU
		{E0EEEBE7-24F3-4241-812B-C8F6482403CC}.Debug|Any CPU.Build.0 = Debug|Any CPU
		{E0EEEBE7-24F3-4241-812B-C8F6482403CC}.Release|Any CPU.ActiveCfg = Release|Any CPU
		{E0EEEBE7-24F3-4241-812B-C8F6482403CC}.Release|Any CPU.Build.0 = Release|Any CPU
		{BA2B7156-4C4D-40B9-9139-4D03E9CBDD18}.Debug|Any CPU.ActiveCfg = Debug|Any CPU
		{BA2B7156-4C4D-40B9-9139-4D03E9CBDD18}.Debug|Any CPU.Build.0 = Debug|Any CPU
		{BA2B7156-4C4D-40B9-9139-4D03E9CBDD18}.Release|Any CPU.ActiveCfg = Release|Any CPU
		{BA2B7156-4C4D-40B9-9139-4D03E9CBDD18}.Release|Any CPU.Build.0 = Release|Any CPU
		{614D68CB-9633-4961-882A-2DAAA86D125C}.Debug|Any CPU.ActiveCfg = Debug|Any CPU
		{614D68CB-9633-4961-882A-2DAAA86D125C}.Debug|Any CPU.Build.0 = Debug|Any CPU
		{614D68CB-9633-4961-882A-2DAAA86D125C}.Release|Any CPU.ActiveCfg = Release|Any CPU
		{614D68CB-9633-4961-882A-2DAAA86D125C}.Release|Any CPU.Build.0 = Release|Any CPU
		{0A8F95ED-085B-48FB-9B2B-F8B34687248A}.Debug|Any CPU.ActiveCfg = Debug|Any CPU
		{0A8F95ED-085B-48FB-9B2B-F8B34687248A}.Debug|Any CPU.Build.0 = Debug|Any CPU
		{0A8F95ED-085B-48FB-9B2B-F8B34687248A}.Release|Any CPU.ActiveCfg = Release|Any CPU
		{0A8F95ED-085B-48FB-9B2B-F8B34687248A}.Release|Any CPU.Build.0 = Release|Any CPU
		{B8CA619E-4E55-4E60-A479-5DEF1A795A55}.Debug|Any CPU.ActiveCfg = Debug|Any CPU
		{B8CA619E-4E55-4E60-A479-5DEF1A795A55}.Debug|Any CPU.Build.0 = Debug|Any CPU
		{B8CA619E-4E55-4E60-A479-5DEF1A795A55}.Release|Any CPU.ActiveCfg = Release|Any CPU
		{B8CA619E-4E55-4E60-A479-5DEF1A795A55}.Release|Any CPU.Build.0 = Release|Any CPU
		{548C5967-7694-471B-AA10-C32F1C66D932}.Debug|Any CPU.ActiveCfg = Debug|Any CPU
		{548C5967-7694-471B-AA10-C32F1C66D932}.Debug|Any CPU.Build.0 = Debug|Any CPU
		{548C5967-7694-471B-AA10-C32F1C66D932}.Release|Any CPU.ActiveCfg = Release|Any CPU
		{548C5967-7694-471B-AA10-C32F1C66D932}.Release|Any CPU.Build.0 = Release|Any CPU
		{5AB5C657-8259-408C-A38F-3AFDC5AD0222}.Debug|Any CPU.ActiveCfg = Debug|Any CPU
		{5AB5C657-8259-408C-A38F-3AFDC5AD0222}.Debug|Any CPU.Build.0 = Debug|Any CPU
		{5AB5C657-8259-408C-A38F-3AFDC5AD0222}.Release|Any CPU.ActiveCfg = Release|Any CPU
		{5AB5C657-8259-408C-A38F-3AFDC5AD0222}.Release|Any CPU.Build.0 = Release|Any CPU
		{A635F8E4-DD60-4D56-B28F-3C7B1E15FBF8}.Debug|Any CPU.ActiveCfg = Debug|Any CPU
		{A635F8E4-DD60-4D56-B28F-3C7B1E15FBF8}.Debug|Any CPU.Build.0 = Debug|Any CPU
		{A635F8E4-DD60-4D56-B28F-3C7B1E15FBF8}.Release|Any CPU.ActiveCfg = Release|Any CPU
		{A635F8E4-DD60-4D56-B28F-3C7B1E15FBF8}.Release|Any CPU.Build.0 = Release|Any CPU
		{86379385-F199-4F22-BF67-357177445CCF}.Debug|Any CPU.ActiveCfg = Debug|Any CPU
		{86379385-F199-4F22-BF67-357177445CCF}.Debug|Any CPU.Build.0 = Debug|Any CPU
		{86379385-F199-4F22-BF67-357177445CCF}.Release|Any CPU.ActiveCfg = Release|Any CPU
		{86379385-F199-4F22-BF67-357177445CCF}.Release|Any CPU.Build.0 = Release|Any CPU
		{CD642C8E-C6D3-48BA-9E31-7FD22C6204D6}.Debug|Any CPU.ActiveCfg = Debug|Any CPU
		{CD642C8E-C6D3-48BA-9E31-7FD22C6204D6}.Debug|Any CPU.Build.0 = Debug|Any CPU
		{CD642C8E-C6D3-48BA-9E31-7FD22C6204D6}.Release|Any CPU.ActiveCfg = Release|Any CPU
		{CD642C8E-C6D3-48BA-9E31-7FD22C6204D6}.Release|Any CPU.Build.0 = Release|Any CPU
		{9633C1B7-6022-498C-8D5F-DFDBF4059EDF}.Debug|Any CPU.ActiveCfg = Debug|Any CPU
		{9633C1B7-6022-498C-8D5F-DFDBF4059EDF}.Debug|Any CPU.Build.0 = Debug|Any CPU
		{9633C1B7-6022-498C-8D5F-DFDBF4059EDF}.Release|Any CPU.ActiveCfg = Release|Any CPU
		{9633C1B7-6022-498C-8D5F-DFDBF4059EDF}.Release|Any CPU.Build.0 = Release|Any CPU
		{ADA55EF7-4AB1-4E9A-B238-AEF8892744E2}.Debug|Any CPU.ActiveCfg = Debug|Any CPU
		{ADA55EF7-4AB1-4E9A-B238-AEF8892744E2}.Debug|Any CPU.Build.0 = Debug|Any CPU
		{ADA55EF7-4AB1-4E9A-B238-AEF8892744E2}.Release|Any CPU.ActiveCfg = Release|Any CPU
		{ADA55EF7-4AB1-4E9A-B238-AEF8892744E2}.Release|Any CPU.Build.0 = Release|Any CPU
		{BFCEB1D7-74AF-41A7-B786-5B25D93CF4D6}.Debug|Any CPU.ActiveCfg = Debug|Any CPU
		{BFCEB1D7-74AF-41A7-B786-5B25D93CF4D6}.Debug|Any CPU.Build.0 = Debug|Any CPU
		{BFCEB1D7-74AF-41A7-B786-5B25D93CF4D6}.Release|Any CPU.ActiveCfg = Release|Any CPU
		{BFCEB1D7-74AF-41A7-B786-5B25D93CF4D6}.Release|Any CPU.Build.0 = Release|Any CPU
		{579D2054-19B3-4525-8CAA-B45D0D349216}.Debug|Any CPU.ActiveCfg = Debug|Any CPU
		{579D2054-19B3-4525-8CAA-B45D0D349216}.Debug|Any CPU.Build.0 = Debug|Any CPU
		{579D2054-19B3-4525-8CAA-B45D0D349216}.Release|Any CPU.ActiveCfg = Release|Any CPU
		{579D2054-19B3-4525-8CAA-B45D0D349216}.Release|Any CPU.Build.0 = Release|Any CPU
	EndGlobalSection
	GlobalSection(SolutionProperties) = preSolution
		HideSolutionNode = FALSE
	EndGlobalSection
	GlobalSection(NestedProjects) = preSolution
		{A6A029E9-953D-4A65-8F95-5F26C23F790B} = {02EA681E-C7D8-13C7-8484-4AC65E1B71E8}
		{79F8489D-B0B3-4DE5-AC36-E6AD0B2F4A05} = {02EA681E-C7D8-13C7-8484-4AC65E1B71E8}
		{55050961-D090-4F6C-8DD1-E36FFFD648DF} = {02EA681E-C7D8-13C7-8484-4AC65E1B71E8}
		{BAFD4CAA-338B-4287-A971-61A0A7C1B758} = {E8407650-66CC-4041-AC72-B48AE7EEA10E}
		{2255D25B-6FA7-4279-B604-6E2A8449AB03} = {E8407650-66CC-4041-AC72-B48AE7EEA10E}
		{88F2E356-2BF3-40E4-BF5C-083129EEC2DA} = {E8407650-66CC-4041-AC72-B48AE7EEA10E}
		{3FDB453D-9F3F-4AE3-A84F-FA5AFBDC8006} = {1BCC9389-5749-4B79-9F46-E0B67C877531}
		{E0EEEBE7-24F3-4241-812B-C8F6482403CC} = {1BCC9389-5749-4B79-9F46-E0B67C877531}
		{BA2B7156-4C4D-40B9-9139-4D03E9CBDD18} = {1BCC9389-5749-4B79-9F46-E0B67C877531}
		{614D68CB-9633-4961-882A-2DAAA86D125C} = {9D7D2880-F39C-4138-A186-546B8217274B}
		{0A8F95ED-085B-48FB-9B2B-F8B34687248A} = {9D7D2880-F39C-4138-A186-546B8217274B}
		{B8CA619E-4E55-4E60-A479-5DEF1A795A55} = {9D7D2880-F39C-4138-A186-546B8217274B}
		{548C5967-7694-471B-AA10-C32F1C66D932} = {D9089D82-44B2-4E13-B4D7-6117182457B1}
		{5AB5C657-8259-408C-A38F-3AFDC5AD0222} = {D9089D82-44B2-4E13-B4D7-6117182457B1}
		{A635F8E4-DD60-4D56-B28F-3C7B1E15FBF8} = {D9089D82-44B2-4E13-B4D7-6117182457B1}
		{86379385-F199-4F22-BF67-357177445CCF} = {7D6792B2-88C8-42A8-9B27-0C9A4E4AAA37}
		{CD642C8E-C6D3-48BA-9E31-7FD22C6204D6} = {7D6792B2-88C8-42A8-9B27-0C9A4E4AAA37}
		{9633C1B7-6022-498C-8D5F-DFDBF4059EDF} = {7D6792B2-88C8-42A8-9B27-0C9A4E4AAA37}
		{ADA55EF7-4AB1-4E9A-B238-AEF8892744E2} = {38EF4485-F971-4FCD-9B92-6950BE4B8663}
		{BFCEB1D7-74AF-41A7-B786-5B25D93CF4D6} = {38EF4485-F971-4FCD-9B92-6950BE4B8663}
		{579D2054-19B3-4525-8CAA-B45D0D349216} = {38EF4485-F971-4FCD-9B92-6950BE4B8663}
	EndGlobalSection
	GlobalSection(ExtensibilityGlobals) = postSolution
		SolutionGuid = {0E27A23A-1D80-4599-A0D4-371BAC8EC614}
	EndGlobalSection
EndGlobal
